
Microsoft Visual Studio Solution File, Format Version 12.00
# Visual Studio 15
VisualStudioVersion = 15.0.27130.2010
MinimumVisualStudioVersion = 10.0.40219.1
Project("{FAE04EC0-301F-11D3-BF4B-00C04F79EFBC}") = "DependencyInjection", "DependencyInjection\DependencyInjection.csproj", "{84AE02B5-E17A-4F1E-ABA5-7811C2194841}"
EndProject
Global
	GlobalSection(SolutionConfigurationPlatforms) = preSolution
		Debug|Any CPU = Debug|Any CPU
		Release|Any CPU = Release|Any CPU
	EndGlobalSection
	GlobalSection(ProjectConfigurationPlatforms) = postSolution
		{84AE02B5-E17A-4F1E-ABA5-7811C2194841}.Debug|Any CPU.ActiveCfg = Debug|Any CPU
		{84AE02B5-E17A-4F1E-ABA5-7811C2194841}.Debug|Any CPU.Build.0 = Debug|Any CPU
		{84AE02B5-E17A-4F1E-ABA5-7811C2194841}.Release|Any CPU.ActiveCfg = Release|Any CPU
		{84AE02B5-E17A-4F1E-ABA5-7811C2194841}.Release|Any CPU.Build.0 = Release|Any CPU
	EndGlobalSection
	GlobalSection(SolutionProperties) = preSolution
		HideSolutionNode = FALSE
	EndGlobalSection
	GlobalSection(ExtensibilityGlobals) = postSolution
		SolutionGuid = {18EA3190-CDAF-49EC-9144-82EE87AD189A}
	EndGlobalSection
EndGlobal
